// !$*UTF8*$!
{
	archiveVersion = 1;
	classes = {
	};
	objectVersion = 46;
	objects = {

/* Begin PBXBuildFile section */
		57F581CE19B213E300562AAB /* Foundation.framework in Frameworks */ = {isa = PBXBuildFile; fileRef = 57F581CD19B213E300562AAB /* Foundation.framework */; };
		57F581D319B213E300562AAB /* ObjCtFtp.h in CopyFiles */ = {isa = PBXBuildFile; fileRef = 57F581D219B213E300562AAB /* ObjCtFtp.h */; };
		57F581D519B213E300562AAB /* ObjCtFtp.m in Sources */ = {isa = PBXBuildFile; fileRef = 57F581D419B213E300562AAB /* ObjCtFtp.m */; };
		57F581DC19B213E300562AAB /* XCTest.framework in Frameworks */ = {isa = PBXBuildFile; fileRef = 57F581DB19B213E300562AAB /* XCTest.framework */; };
		57F581DD19B213E300562AAB /* Foundation.framework in Frameworks */ = {isa = PBXBuildFile; fileRef = 57F581CD19B213E300562AAB /* Foundation.framework */; };
		57F581DF19B213E300562AAB /* UIKit.framework in Frameworks */ = {isa = PBXBuildFile; fileRef = 57F581DE19B213E300562AAB /* UIKit.framework */; };
		57F581E219B213E300562AAB /* libObjCtFtp.a in Frameworks */ = {isa = PBXBuildFile; fileRef = 57F581CA19B213E300562AAB /* libObjCtFtp.a */; };
		57F581E819B213E300562AAB /* InfoPlist.strings in Resources */ = {isa = PBXBuildFile; fileRef = 57F581E619B213E300562AAB /* InfoPlist.strings */; };
		57F581EA19B213E300562AAB /* ObjCtFtpTests.m in Sources */ = {isa = PBXBuildFile; fileRef = 57F581E919B213E300562AAB /* ObjCtFtpTests.m */; };
		57F581F619B2152B00562AAB /* tftpc.c in Sources */ = {isa = PBXBuildFile; fileRef = 57F581F419B2152B00562AAB /* tftpc.c */; };
		57F581F719B2152B00562AAB /* tftpd.c in Sources */ = {isa = PBXBuildFile; fileRef = 57F581F519B2152B00562AAB /* tftpd.c */; };
/* End PBXBuildFile section */

/* Begin PBXContainerItemProxy section */
		57F581E019B213E300562AAB /* PBXContainerItemProxy */ = {
			isa = PBXContainerItemProxy;
			containerPortal = 57F581C219B213E300562AAB /* Project object */;
			proxyType = 1;
			remoteGlobalIDString = 57F581C919B213E300562AAB;
			remoteInfo = ObjCtFtp;
		};
/* End PBXContainerItemProxy section */

/* Begin PBXCopyFilesBuildPhase section */
		57F581C819B213E300562AAB /* CopyFiles */ = {
			isa = PBXCopyFilesBuildPhase;
			buildActionMask = 2147483647;
			dstPath = "include/$(PRODUCT_NAME)";
			dstSubfolderSpec = 16;
			files = (
				57F581D319B213E300562AAB /* ObjCtFtp.h in CopyFiles */,
			);
			runOnlyForDeploymentPostprocessing = 0;
		};
/* End PBXCopyFilesBuildPhase section */

/* Begin PBXFileReference section */
		57F581CA19B213E300562AAB /* libObjCtFtp.a */ = {isa = PBXFileReference; explicitFileType = archive.ar; includeInIndex = 0; path = libObjCtFtp.a; sourceTree = BUILT_PRODUCTS_DIR; };
		57F581CD19B213E300562AAB /* Foundation.framework */ = {isa = PBXFileReference; lastKnownFileType = wrapper.framework; name = Foundation.framework; path = System/Library/Frameworks/Foundation.framework; sourceTree = SDKROOT; };
		57F581D119B213E300562AAB /* ObjCtFtp-Prefix.pch */ = {isa = PBXFileReference; lastKnownFileType = sourcecode.c.h; path = "ObjCtFtp-Prefix.pch"; sourceTree = "<group>"; };
		57F581D219B213E300562AAB /* ObjCtFtp.h */ = {isa = PBXFileReference; lastKnownFileType = sourcecode.c.h; path = ObjCtFtp.h; sourceTree = "<group>"; };
		57F581D419B213E300562AAB /* ObjCtFtp.m */ = {isa = PBXFileReference; lastKnownFileType = sourcecode.c.objc; path = ObjCtFtp.m; sourceTree = "<group>"; };
		57F581DA19B213E300562AAB /* ObjCtFtpTests.xctest */ = {isa = PBXFileReference; explicitFileType = wrapper.cfbundle; includeInIndex = 0; path = ObjCtFtpTests.xctest; sourceTree = BUILT_PRODUCTS_DIR; };
		57F581DB19B213E300562AAB /* XCTest.framework */ = {isa = PBXFileReference; lastKnownFileType = wrapper.framework; name = XCTest.framework; path = Library/Frameworks/XCTest.framework; sourceTree = DEVELOPER_DIR; };
		57F581DE19B213E300562AAB /* UIKit.framework */ = {isa = PBXFileReference; lastKnownFileType = wrapper.framework; name = UIKit.framework; path = Library/Frameworks/UIKit.framework; sourceTree = DEVELOPER_DIR; };
		57F581E519B213E300562AAB /* ObjCtFtpTests-Info.plist */ = {isa = PBXFileReference; lastKnownFileType = text.plist.xml; path = "ObjCtFtpTests-Info.plist"; sourceTree = "<group>"; };
		57F581E719B213E300562AAB /* en */ = {isa = PBXFileReference; lastKnownFileType = text.plist.strings; name = en; path = en.lproj/InfoPlist.strings; sourceTree = "<group>"; };
		57F581E919B213E300562AAB /* ObjCtFtpTests.m */ = {isa = PBXFileReference; lastKnownFileType = sourcecode.c.objc; path = ObjCtFtpTests.m; sourceTree = "<group>"; };
		57F581F319B2152B00562AAB /* tftp.h */ = {isa = PBXFileReference; fileEncoding = 4; lastKnownFileType = sourcecode.c.h; path = tftp.h; sourceTree = "<group>"; };
		57F581F419B2152B00562AAB /* tftpc.c */ = {isa = PBXFileReference; fileEncoding = 4; lastKnownFileType = sourcecode.c.c; path = tftpc.c; sourceTree = "<group>"; };
		57F581F519B2152B00562AAB /* tftpd.c */ = {isa = PBXFileReference; fileEncoding = 4; lastKnownFileType = sourcecode.c.c; path = tftpd.c; sourceTree = "<group>"; };
/* End PBXFileReference section */

/* Begin PBXFrameworksBuildPhase section */
		57F581C719B213E300562AAB /* Frameworks */ = {
			isa = PBXFrameworksBuildPhase;
			buildActionMask = 2147483647;
			files = (
				57F581CE19B213E300562AAB /* Foundation.framework in Frameworks */,
			);
			runOnlyForDeploymentPostprocessing = 0;
		};
		57F581D719B213E300562AAB /* Frameworks */ = {
			isa = PBXFrameworksBuildPhase;
			buildActionMask = 2147483647;
			files = (
				57F581DC19B213E300562AAB /* XCTest.framework in Frameworks */,
				57F581DF19B213E300562AAB /* UIKit.framework in Frameworks */,
				57F581DD19B213E300562AAB /* Foundation.framework in Frameworks */,
				57F581E219B213E300562AAB /* libObjCtFtp.a in Frameworks */,
			);
			runOnlyForDeploymentPostprocessing = 0;
		};
/* End PBXFrameworksBuildPhase section */

/* Begin PBXGroup section */
		57F581C119B213E300562AAB = {
			isa = PBXGroup;
			children = (
				57F581CF19B213E300562AAB /* ObjCtFtp */,
				57F581E319B213E300562AAB /* ObjCtFtpTests */,
				57F581CC19B213E300562AAB /* Frameworks */,
				57F581CB19B213E300562AAB /* Products */,
			);
			sourceTree = "<group>";
		};
		57F581CB19B213E300562AAB /* Products */ = {
			isa = PBXGroup;
			children = (
				57F581CA19B213E300562AAB /* libObjCtFtp.a */,
				57F581DA19B213E300562AAB /* ObjCtFtpTests.xctest */,
			);
			name = Products;
			sourceTree = "<group>";
		};
		57F581CC19B213E300562AAB /* Frameworks */ = {
			isa = PBXGroup;
			children = (
				57F581CD19B213E300562AAB /* Foundation.framework */,
				57F581DB19B213E300562AAB /* XCTest.framework */,
				57F581DE19B213E300562AAB /* UIKit.framework */,
			);
			name = Frameworks;
			sourceTree = "<group>";
		};
		57F581CF19B213E300562AAB /* ObjCtFtp */ = {
			isa = PBXGroup;
			children = (
				57F581D219B213E300562AAB /* ObjCtFtp.h */,
				57F581D419B213E300562AAB /* ObjCtFtp.m */,
				57F581F319B2152B00562AAB /* tftp.h */,
				57F581F419B2152B00562AAB /* tftpc.c */,
				57F581F519B2152B00562AAB /* tftpd.c */,
				57F581D019B213E300562AAB /* Supporting Files */,
			);
			path = ObjCtFtp;
			sourceTree = "<group>";
		};
		57F581D019B213E300562AAB /* Supporting Files */ = {
			isa = PBXGroup;
			children = (
				57F581D119B213E300562AAB /* ObjCtFtp-Prefix.pch */,
			);
			name = "Supporting Files";
			sourceTree = "<group>";
		};
		57F581E319B213E300562AAB /* ObjCtFtpTests */ = {
			isa = PBXGroup;
			children = (
				57F581E919B213E300562AAB /* ObjCtFtpTests.m */,
				57F581E419B213E300562AAB /* Supporting Files */,
			);
			path = ObjCtFtpTests;
			sourceTree = "<group>";
		};
		57F581E419B213E300562AAB /* Supporting Files */ = {
			isa = PBXGroup;
			children = (
				57F581E519B213E300562AAB /* ObjCtFtpTests-Info.plist */,
				57F581E619B213E300562AAB /* InfoPlist.strings */,
			);
			name = "Supporting Files";
			sourceTree = "<group>";
		};
/* End PBXGroup section */

/* Begin PBXNativeTarget section */
		57F581C919B213E300562AAB /* ObjCtFtp */ = {
			isa = PBXNativeTarget;
			buildConfigurationList = 57F581ED19B213E300562AAB /* Build configuration list for PBXNativeTarget "ObjCtFtp" */;
			buildPhases = (
				57F581C619B213E300562AAB /* Sources */,
				57F581C719B213E300562AAB /* Frameworks */,
				57F581C819B213E300562AAB /* CopyFiles */,
			);
			buildRules = (
			);
			dependencies = (
			);
			name = ObjCtFtp;
			productName = ObjCtFtp;
			productReference = 57F581CA19B213E300562AAB /* libObjCtFtp.a */;
			productType = "com.apple.product-type.library.static";
		};
		57F581D919B213E300562AAB /* ObjCtFtpTests */ = {
			isa = PBXNativeTarget;
			buildConfigurationList = 57F581F019B213E300562AAB /* Build configuration list for PBXNativeTarget "ObjCtFtpTests" */;
			buildPhases = (
				57F581D619B213E300562AAB /* Sources */,
				57F581D719B213E300562AAB /* Frameworks */,
				57F581D819B213E300562AAB /* Resources */,
			);
			buildRules = (
			);
			dependencies = (
				57F581E119B213E300562AAB /* PBXTargetDependency */,
			);
			name = ObjCtFtpTests;
			productName = ObjCtFtpTests;
			productReference = 57F581DA19B213E300562AAB /* ObjCtFtpTests.xctest */;
			productType = "com.apple.product-type.bundle.unit-test";
		};
/* End PBXNativeTarget section */

/* Begin PBXProject section */
		57F581C219B213E300562AAB /* Project object */ = {
			isa = PBXProject;
			attributes = {
				LastUpgradeCheck = 0510;
			};
			buildConfigurationList = 57F581C519B213E300562AAB /* Build configuration list for PBXProject "ObjCtFtp" */;
			compatibilityVersion = "Xcode 3.2";
			developmentRegion = English;
			hasScannedForEncodings = 0;
			knownRegions = (
				en,
			);
			mainGroup = 57F581C119B213E300562AAB;
			productRefGroup = 57F581CB19B213E300562AAB /* Products */;
			projectDirPath = "";
			projectRoot = "";
			targets = (
				57F581C919B213E300562AAB /* ObjCtFtp */,
				57F581D919B213E300562AAB /* ObjCtFtpTests */,
			);
		};
/* End PBXProject section */

/* Begin PBXResourcesBuildPhase section */
		57F581D819B213E300562AAB /* Resources */ = {
			isa = PBXResourcesBuildPhase;
			buildActionMask = 2147483647;
			files = (
				57F581E819B213E300562AAB /* InfoPlist.strings in Resources */,
			);
			runOnlyForDeploymentPostprocessing = 0;
		};
/* End PBXResourcesBuildPhase section */

/* Begin PBXSourcesBuildPhase section */
		57F581C619B213E300562AAB /* Sources */ = {
			isa = PBXSourcesBuildPhase;
			buildActionMask = 2147483647;
			files = (
				57F581F719B2152B00562AAB /* tftpd.c in Sources */,
				57F581D519B213E300562AAB /* ObjCtFtp.m in Sources */,
				57F581F619B2152B00562AAB /* tftpc.c in Sources */,
			);
			runOnlyForDeploymentPostprocessing = 0;
		};
		57F581D619B213E300562AAB /* Sources */ = {
			isa = PBXSourcesBuildPhase;
			buildActionMask = 2147483647;
			files = (
				57F581EA19B213E300562AAB /* ObjCtFtpTests.m in Sources */,
			);
			runOnlyForDeploymentPostprocessing = 0;
		};
/* End PBXSourcesBuildPhase section */

/* Begin PBXTargetDependency section */
		57F581E119B213E300562AAB /* PBXTargetDependency */ = {
			isa = PBXTargetDependency;
			target = 57F581C919B213E300562AAB /* ObjCtFtp */;
			targetProxy = 57F581E019B213E300562AAB /* PBXContainerItemProxy */;
		};
/* End PBXTargetDependency section */

/* Begin PBXVariantGroup section */
		57F581E619B213E300562AAB /* InfoPlist.strings */ = {
			isa = PBXVariantGroup;
			children = (
				57F581E719B213E300562AAB /* en */,
			);
			name = InfoPlist.strings;
			sourceTree = "<group>";
		};
/* End PBXVariantGroup section */

/* Begin XCBuildConfiguration section */
		57F581EB19B213E300562AAB /* Debug */ = {
			isa = XCBuildConfiguration;
			buildSettings = {
				ALWAYS_SEARCH_USER_PATHS = NO;
				CLANG_CXX_LANGUAGE_STANDARD = "gnu++0x";
				CLANG_CXX_LIBRARY = "libc++";
				CLANG_ENABLE_MODULES = YES;
				CLANG_ENABLE_OBJC_ARC = YES;
				CLANG_WARN_BOOL_CONVERSION = YES;
				CLANG_WARN_CONSTANT_CONVERSION = YES;
				CLANG_WARN_DIRECT_OBJC_ISA_USAGE = YES_ERROR;
				CLANG_WARN_EMPTY_BODY = YES;
				CLANG_WARN_ENUM_CONVERSION = YES;
				CLANG_WARN_INT_CONVERSION = YES;
				CLANG_WARN_OBJC_ROOT_CLASS = YES_ERROR;
				CLANG_WARN__DUPLICATE_METHOD_MATCH = YES;
				COPY_PHASE_STRIP = NO;
				GCC_C_LANGUAGE_STANDARD = gnu99;
				GCC_DYNAMIC_NO_PIC = NO;
				GCC_OPTIMIZATION_LEVEL = 0;
				GCC_PREPROCESSOR_DEFINITIONS = (
					"DEBUG=1",
					"$(inherited)",
				);
				GCC_SYMBOLS_PRIVATE_EXTERN = NO;
				GCC_WARN_64_TO_32_BIT_CONVERSION = YES;
				GCC_WARN_ABOUT_RETURN_TYPE = YES_ERROR;
				GCC_WARN_UNDECLARED_SELECTOR = YES;
				GCC_WARN_UNINITIALIZED_AUTOS = YES_AGGRESSIVE;
				GCC_WARN_UNUSED_FUNCTION = YES;
				GCC_WARN_UNUSED_VARIABLE = YES;
				IPHONEOS_DEPLOYMENT_TARGET = 7.1;
				ONLY_ACTIVE_ARCH = YES;
				SDKROOT = iphoneos;
			};
			name = Debug;
		};
		57F581EC19B213E300562AAB /* Release */ = {
			isa = XCBuildConfiguration;
			buildSettings = {
				ALWAYS_SEARCH_USER_PATHS = NO;
				CLANG_CXX_LANGUAGE_STANDARD = "gnu++0x";
				CLANG_CXX_LIBRARY = "libc++";
				CLANG_ENABLE_MODULES = YES;
				CLANG_ENABLE_OBJC_ARC = YES;
				CLANG_WARN_BOOL_CONVERSION = YES;
				CLANG_WARN_CONSTANT_CONVERSION = YES;
				CLANG_WARN_DIRECT_OBJC_ISA_USAGE = YES_ERROR;
				CLANG_WARN_EMPTY_BODY = YES;
				CLANG_WARN_ENUM_CONVERSION = YES;
				CLANG_WARN_INT_CONVERSION = YES;
				CLANG_WARN_OBJC_ROOT_CLASS = YES_ERROR;
				CLANG_WARN__DUPLICATE_METHOD_MATCH = YES;
				COPY_PHASE_STRIP = YES;
				ENABLE_NS_ASSERTIONS = NO;
				GCC_C_LANGUAGE_STANDARD = gnu99;
				GCC_WARN_64_TO_32_BIT_CONVERSION = YES;
				GCC_WARN_ABOUT_RETURN_TYPE = YES_ERROR;
				GCC_WARN_UNDECLARED_SELECTOR = YES;
				GCC_WARN_UNINITIALIZED_AUTOS = YES_AGGRESSIVE;
				GCC_WARN_UNUSED_FUNCTION = YES;
				GCC_WARN_UNUSED_VARIABLE = YES;
				IPHONEOS_DEPLOYMENT_TARGET = 7.1;
				SDKROOT = iphoneos;
				VALIDATE_PRODUCT = YES;
			};
			name = Release;
		};
		57F581EE19B213E300562AAB /* Debug */ = {
			isa = XCBuildConfiguration;
			buildSettings = {
				DSTROOT = /tmp/ObjCtFtp.dst;
				GCC_PRECOMPILE_PREFIX_HEADER = YES;
				GCC_PREFIX_HEADER = "ObjCtFtp/ObjCtFtp-Prefix.pch";
				OTHER_LDFLAGS = "-ObjC";
				PRODUCT_NAME = "$(TARGET_NAME)";
				SKIP_INSTALL = YES;
			};
			name = Debug;
		};
		57F581EF19B213E300562AAB /* Release */ = {
			isa = XCBuildConfiguration;
			buildSettings = {
				DSTROOT = /tmp/ObjCtFtp.dst;
				GCC_PRECOMPILE_PREFIX_HEADER = YES;
				GCC_PREFIX_HEADER = "ObjCtFtp/ObjCtFtp-Prefix.pch";
				OTHER_LDFLAGS = "-ObjC";
				PRODUCT_NAME = "$(TARGET_NAME)";
				SKIP_INSTALL = YES;
			};
			name = Release;
		};
		57F581F119B213E300562AAB /* Debug */ = {
			isa = XCBuildConfiguration;
			buildSettings = {
				FRAMEWORK_SEARCH_PATHS = (
					"$(SDKROOT)/Developer/Library/Frameworks",
					"$(inherited)",
					"$(DEVELOPER_FRAMEWORKS_DIR)",
				);
				GCC_PRECOMPILE_PREFIX_HEADER = YES;
				GCC_PREFIX_HEADER = "ObjCtFtp/ObjCtFtp-Prefix.pch";
				GCC_PREPROCESSOR_DEFINITIONS = (
					"DEBUG=1",
					"$(inherited)",
				);
				INFOPLIST_FILE = "ObjCtFtpTests/ObjCtFtpTests-Info.plist";
				PRODUCT_NAME = "$(TARGET_NAME)";
				WRAPPER_EXTENSION = xctest;
			};
			name = Debug;
		};
		57F581F219B213E300562AAB /* Release */ = {
			isa = XCBuildConfiguration;
			buildSettings = {
				FRAMEWORK_SEARCH_PATHS = (
					"$(SDKROOT)/Developer/Library/Frameworks",
					"$(inherited)",
					"$(DEVELOPER_FRAMEWORKS_DIR)",
				);
				GCC_PRECOMPILE_PREFIX_HEADER = YES;
				GCC_PREFIX_HEADER = "ObjCtFtp/ObjCtFtp-Prefix.pch";
				INFOPLIST_FILE = "ObjCtFtpTests/ObjCtFtpTests-Info.plist";
				PRODUCT_NAME = "$(TARGET_NAME)";
				WRAPPER_EXTENSION = xctest;
			};
			name = Release;
		};
/* End XCBuildConfiguration section */

/* Begin XCConfigurationList section */
		57F581C519B213E300562AAB /* Build configuration list for PBXProject "ObjCtFtp" */ = {
			isa = XCConfigurationList;
			buildConfigurations = (
				57F581EB19B213E300562AAB /* Debug */,
				57F581EC19B213E300562AAB /* Release */,
			);
			defaultConfigurationIsVisible = 0;
			defaultConfigurationName = Release;
		};
		57F581ED19B213E300562AAB /* Build configuration list for PBXNativeTarget "ObjCtFtp" */ = {
			isa = XCConfigurationList;
			buildConfigurations = (
				57F581EE19B213E300562AAB /* Debug */,
				57F581EF19B213E300562AAB /* Release */,
			);
			defaultConfigurationIsVisible = 0;
		};
		57F581F019B213E300562AAB /* Build configuration list for PBXNativeTarget "ObjCtFtpTests" */ = {
			isa = XCConfigurationList;
			buildConfigurations = (
				57F581F119B213E300562AAB /* Debug */,
				57F581F219B213E300562AAB /* Release */,
			);
			defaultConfigurationIsVisible = 0;
		};
/* End XCConfigurationList section */
	};
	rootObject = 57F581C219B213E300562AAB /* Project object */;
}
